
Microsoft Visual Studio Solution File, Format Version 12.00
# Visual Studio Version 17
VisualStudioVersion = 17.6.33829.357
MinimumVisualStudioVersion = 10.0.40219.1
Project("{FAE04EC0-301F-11D3-BF4B-00C04F79EFBC}") = "FluentValidation-Extensions", "FluentValidation-Extensions\FluentValidation-Extensions.csproj", "{2D051691-4ADF-4E0E-8886-6CAD899E4BDE}"
EndProject
Global
	GlobalSection(SolutionConfigurationPlatforms) = preSolution
		Debug|Any CPU = Debug|Any CPU
		Release|Any CPU = Release|Any CPU
	EndGlobalSection
	GlobalSection(ProjectConfigurationPlatforms) = postSolution
		{2D051691-4ADF-4E0E-8886-6CAD899E4BDE}.Debug|Any CPU.ActiveCfg = Debug|Any CPU
		{2D051691-4ADF-4E0E-8886-6CAD899E4BDE}.Debug|Any CPU.Build.0 = Debug|Any CPU
		{2D051691-4ADF-4E0E-8886-6CAD899E4BDE}.Release|Any CPU.ActiveCfg = Release|Any CPU
		{2D051691-4ADF-4E0E-8886-6CAD899E4BDE}.Release|Any CPU.Build.0 = Release|Any CPU
	EndGlobalSection
	GlobalSection(SolutionProperties) = preSolution
		HideSolutionNode = FALSE
	EndGlobalSection
	GlobalSection(ExtensibilityGlobals) = postSolution
		SolutionGuid = {D3EC0266-81FB-47A0-B6EF-718DF5F4985D}
	EndGlobalSection
EndGlobal
